
Microsoft Visual Studio Solution File, Format Version 12.00
# Visual Studio Version 17
VisualStudioVersion = 17.8.34330.188
MinimumVisualStudioVersion = 10.0.40219.1
Project("{FAE04EC0-301F-11D3-BF4B-00C04F79EFBC}") = "XTECHLavrinova2", "XTECHLavrinova2\XTECHLavrinova2.csproj", "{F8CC5F52-5D9F-45DB-BD1C-81196ABA2978}"
EndProject
Global
	GlobalSection(SolutionConfigurationPlatforms) = preSolution
		Debug|Any CPU = Debug|Any CPU
		Release|Any CPU = Release|Any CPU
	EndGlobalSection
	GlobalSection(ProjectConfigurationPlatforms) = postSolution
		{F8CC5F52-5D9F-45DB-BD1C-81196ABA2978}.Debug|Any CPU.ActiveCfg = Debug|Any CPU
		{F8CC5F52-5D9F-45DB-BD1C-81196ABA2978}.Debug|Any CPU.Build.0 = Debug|Any CPU
		{F8CC5F52-5D9F-45DB-BD1C-81196ABA2978}.Release|Any CPU.ActiveCfg = Release|Any CPU
		{F8CC5F52-5D9F-45DB-BD1C-81196ABA2978}.Release|Any CPU.Build.0 = Release|Any CPU
	EndGlobalSection
	GlobalSection(SolutionProperties) = preSolution
		HideSolutionNode = FALSE
	EndGlobalSection
	GlobalSection(ExtensibilityGlobals) = postSolution
		SolutionGuid = {5B8F3D2F-36BE-4887-936C-B46705CAD168}
	EndGlobalSection
EndGlobal
